
Microsoft Visual Studio Solution File, Format Version 12.00
# Visual Studio Version 17
VisualStudioVersion = 17.7.34031.279
MinimumVisualStudioVersion = 10.0.40219.1
Project("{FAE04EC0-301F-11D3-BF4B-00C04F79EFBC}") = "dispetcher", "dispetcher\dispetcher.csproj", "{04BEA7B7-F4C4-4C38-BDEA-94482329C098}"
EndProject
Global
	GlobalSection(SolutionConfigurationPlatforms) = preSolution
		Debug|Any CPU = Debug|Any CPU
		Release|Any CPU = Release|Any CPU
	EndGlobalSection
	GlobalSection(ProjectConfigurationPlatforms) = postSolution
		{04BEA7B7-F4C4-4C38-BDEA-94482329C098}.Debug|Any CPU.ActiveCfg = Debug|Any CPU
		{04BEA7B7-F4C4-4C38-BDEA-94482329C098}.Debug|Any CPU.Build.0 = Debug|Any CPU
		{04BEA7B7-F4C4-4C38-BDEA-94482329C098}.Release|Any CPU.ActiveCfg = Release|Any CPU
		{04BEA7B7-F4C4-4C38-BDEA-94482329C098}.Release|Any CPU.Build.0 = Release|Any CPU
	EndGlobalSection
	GlobalSection(SolutionProperties) = preSolution
		HideSolutionNode = FALSE
	EndGlobalSection
	GlobalSection(ExtensibilityGlobals) = postSolution
		SolutionGuid = {47AF8AEB-FDD9-4935-A2EE-0EB10314292C}
	EndGlobalSection
EndGlobal
